
Microsoft Visual Studio Solution File, Format Version 12.00
# Visual Studio Version 16
VisualStudioVersion = 16.0.30320.27
MinimumVisualStudioVersion = 10.0.40219.1
Project("{FAE04EC0-301F-11D3-BF4B-00C04F79EFBC}") = "WindowsFormsApp1", "WindowsFormsApp1.csproj", "{866C4408-A8A8-4493-B668-60A31C393181}"
EndProject
Global
	GlobalSection(SolutionConfigurationPlatforms) = preSolution
		Debug|Any CPU = Debug|Any CPU
		Release|Any CPU = Release|Any CPU
	EndGlobalSection
	GlobalSection(ProjectConfigurationPlatforms) = postSolution
		{866C4408-A8A8-4493-B668-60A31C393181}.Debug|Any CPU.ActiveCfg = Debug|Any CPU
		{866C4408-A8A8-4493-B668-60A31C393181}.Debug|Any CPU.Build.0 = Debug|Any CPU
		{866C4408-A8A8-4493-B668-60A31C393181}.Release|Any CPU.ActiveCfg = Release|Any CPU
		{866C4408-A8A8-4493-B668-60A31C393181}.Release|Any CPU.Build.0 = Release|Any CPU
	EndGlobalSection
	GlobalSection(SolutionProperties) = preSolution
		HideSolutionNode = FALSE
	EndGlobalSection
	GlobalSection(ExtensibilityGlobals) = postSolution
		SolutionGuid = {3ACB29D0-7BE3-41F0-9A55-C69B93DFA393}
	EndGlobalSection
EndGlobal
