
Microsoft Visual Studio Solution File, Format Version 12.00
# Visual Studio Version 16
VisualStudioVersion = 16.0.30320.27
MinimumVisualStudioVersion = 10.0.40219.1
Project("{FAE04EC0-301F-11D3-BF4B-00C04F79EFBC}") = "t3_2", "t3_2.csproj", "{695D0D5C-833D-4D43-AB89-A326C631668C}"
EndProject
Global
	GlobalSection(SolutionConfigurationPlatforms) = preSolution
		Debug|Any CPU = Debug|Any CPU
		Release|Any CPU = Release|Any CPU
	EndGlobalSection
	GlobalSection(ProjectConfigurationPlatforms) = postSolution
		{695D0D5C-833D-4D43-AB89-A326C631668C}.Debug|Any CPU.ActiveCfg = Debug|Any CPU
		{695D0D5C-833D-4D43-AB89-A326C631668C}.Debug|Any CPU.Build.0 = Debug|Any CPU
		{695D0D5C-833D-4D43-AB89-A326C631668C}.Release|Any CPU.ActiveCfg = Release|Any CPU
		{695D0D5C-833D-4D43-AB89-A326C631668C}.Release|Any CPU.Build.0 = Release|Any CPU
	EndGlobalSection
	GlobalSection(SolutionProperties) = preSolution
		HideSolutionNode = FALSE
	EndGlobalSection
	GlobalSection(ExtensibilityGlobals) = postSolution
		SolutionGuid = {A01C80ED-E02F-40DC-94CD-FB6E54A91C87}
	EndGlobalSection
EndGlobal
